
Microsoft Visual Studio Solution File, Format Version 12.00
# Visual Studio 15
VisualStudioVersion = 15.0.27703.2035
MinimumVisualStudioVersion = 10.0.40219.1
Project("{FAE04EC0-301F-11D3-BF4B-00C04F79EFBC}") = "ServiceScreenCaptureApl", "ServiceScreenCaptureApl\ServiceScreenCaptureApl.csproj", "{007CC68B-255E-42A5-91D9-78BD70CDAC95}"
EndProject
Global
	GlobalSection(SolutionConfigurationPlatforms) = preSolution
		Debug|Any CPU = Debug|Any CPU
		Release|Any CPU = Release|Any CPU
	EndGlobalSection
	GlobalSection(ProjectConfigurationPlatforms) = postSolution
		{007CC68B-255E-42A5-91D9-78BD70CDAC95}.Debug|Any CPU.ActiveCfg = Debug|Any CPU
		{007CC68B-255E-42A5-91D9-78BD70CDAC95}.Debug|Any CPU.Build.0 = Debug|Any CPU
		{007CC68B-255E-42A5-91D9-78BD70CDAC95}.Release|Any CPU.ActiveCfg = Release|Any CPU
		{007CC68B-255E-42A5-91D9-78BD70CDAC95}.Release|Any CPU.Build.0 = Release|Any CPU
	EndGlobalSection
	GlobalSection(SolutionProperties) = preSolution
		HideSolutionNode = FALSE
	EndGlobalSection
	GlobalSection(ExtensibilityGlobals) = postSolution
		SolutionGuid = {7A1EBA95-5E7D-4661-A450-E6DCBE212043}
	EndGlobalSection
EndGlobal
